
Microsoft Visual Studio Solution File, Format Version 12.00
# Visual Studio Version 17
VisualStudioVersion = 17.11.35312.102
MinimumVisualStudioVersion = 10.0.40219.1
Project("{FAE04EC0-301F-11D3-BF4B-00C04F79EFBC}") = "The Someren", "The Someren\The Someren.csproj", "{A3FB055D-26F0-44B4-B60B-F061A04DF808}"
EndProject
Global
	GlobalSection(SolutionConfigurationPlatforms) = preSolution
		Debug|Any CPU = Debug|Any CPU
		Release|Any CPU = Release|Any CPU
	EndGlobalSection
	GlobalSection(ProjectConfigurationPlatforms) = postSolution
		{A3FB055D-26F0-44B4-B60B-F061A04DF808}.Debug|Any CPU.ActiveCfg = Debug|Any CPU
		{A3FB055D-26F0-44B4-B60B-F061A04DF808}.Debug|Any CPU.Build.0 = Debug|Any CPU
		{A3FB055D-26F0-44B4-B60B-F061A04DF808}.Release|Any CPU.ActiveCfg = Release|Any CPU
		{A3FB055D-26F0-44B4-B60B-F061A04DF808}.Release|Any CPU.Build.0 = Release|Any CPU
	EndGlobalSection
	GlobalSection(SolutionProperties) = preSolution
		HideSolutionNode = FALSE
	EndGlobalSection
	GlobalSection(ExtensibilityGlobals) = postSolution
		SolutionGuid = {0990B85A-4F79-4F4B-A879-C24D328B6509}
	EndGlobalSection
EndGlobal
